
Microsoft Visual Studio Solution File, Format Version 12.00
# Visual Studio 15
Project("{FAE04EC0-301F-11D3-BF4B-00C04F79EFBC}") = "Assembly-CSharp", "Assembly-CSharp.csproj", "{1914865F-307E-074E-898B-83BC55EE59B4}"
EndProject
Project("{FAE04EC0-301F-11D3-BF4B-00C04F79EFBC}") = "Assembly-CSharp-Editor", "Assembly-CSharp-Editor.csproj", "{62E3AE65-97F0-C105-FAAF-BAE2D935F623}"
EndProject
Global
	GlobalSection(SolutionConfigurationPlatforms) = preSolution
		Debug|Any CPU = Debug|Any CPU
		Release|Any CPU = Release|Any CPU
	EndGlobalSection
	GlobalSection(ProjectConfigurationPlatforms) = postSolution
		{1914865F-307E-074E-898B-83BC55EE59B4}.Debug|Any CPU.ActiveCfg = Debug|Any CPU
		{1914865F-307E-074E-898B-83BC55EE59B4}.Debug|Any CPU.Build.0 = Debug|Any CPU
		{1914865F-307E-074E-898B-83BC55EE59B4}.Release|Any CPU.ActiveCfg = Release|Any CPU
		{1914865F-307E-074E-898B-83BC55EE59B4}.Release|Any CPU.Build.0 = Release|Any CPU
		{62E3AE65-97F0-C105-FAAF-BAE2D935F623}.Debug|Any CPU.ActiveCfg = Debug|Any CPU
		{62E3AE65-97F0-C105-FAAF-BAE2D935F623}.Debug|Any CPU.Build.0 = Debug|Any CPU
		{62E3AE65-97F0-C105-FAAF-BAE2D935F623}.Release|Any CPU.ActiveCfg = Release|Any CPU
		{62E3AE65-97F0-C105-FAAF-BAE2D935F623}.Release|Any CPU.Build.0 = Release|Any CPU
	EndGlobalSection
	GlobalSection(SolutionProperties) = preSolution
		HideSolutionNode = FALSE
	EndGlobalSection
EndGlobal
